
Microsoft Visual Studio Solution File, Format Version 12.00
# Visual Studio Version 16
VisualStudioVersion = 16.0.31729.503
MinimumVisualStudioVersion = 10.0.40219.1
Project("{FAE04EC0-301F-11D3-BF4B-00C04F79EFBC}") = "HelloWorld", "HelloWorld\HelloWorld.csproj", "{46048B4B-2D91-4E97-BC7D-B6B818D51D3C}"
EndProject
Global
	GlobalSection(SolutionConfigurationPlatforms) = preSolution
		Debug|Any CPU = Debug|Any CPU
		Release|Any CPU = Release|Any CPU
	EndGlobalSection
	GlobalSection(ProjectConfigurationPlatforms) = postSolution
		{46048B4B-2D91-4E97-BC7D-B6B818D51D3C}.Debug|Any CPU.ActiveCfg = Debug|Any CPU
		{46048B4B-2D91-4E97-BC7D-B6B818D51D3C}.Debug|Any CPU.Build.0 = Debug|Any CPU
		{46048B4B-2D91-4E97-BC7D-B6B818D51D3C}.Release|Any CPU.ActiveCfg = Release|Any CPU
		{46048B4B-2D91-4E97-BC7D-B6B818D51D3C}.Release|Any CPU.Build.0 = Release|Any CPU
	EndGlobalSection
	GlobalSection(SolutionProperties) = preSolution
		HideSolutionNode = FALSE
	EndGlobalSection
	GlobalSection(ExtensibilityGlobals) = postSolution
		SolutionGuid = {C39E93BA-3FAE-49EE-B809-E008A65B713F}
	EndGlobalSection
EndGlobal
